
Microsoft Visual Studio Solution File, Format Version 12.00
# Visual Studio 15
VisualStudioVersion = 15.0.28010.2041
MinimumVisualStudioVersion = 10.0.40219.1
Project("{9A19103F-16F7-4668-BE54-9A1E7A4F7556}") = "Smarthome.Functions.Receivers", "Smarthome.Functions.Receivers\Smarthome.Functions.Receivers.csproj", "{03F5C3A1-268A-4863-8C63-970DC8130FBD}"
EndProject
Global
	GlobalSection(SolutionConfigurationPlatforms) = preSolution
		Debug|Any CPU = Debug|Any CPU
		Release|Any CPU = Release|Any CPU
	EndGlobalSection
	GlobalSection(ProjectConfigurationPlatforms) = postSolution
		{03F5C3A1-268A-4863-8C63-970DC8130FBD}.Debug|Any CPU.ActiveCfg = Debug|Any CPU
		{03F5C3A1-268A-4863-8C63-970DC8130FBD}.Debug|Any CPU.Build.0 = Debug|Any CPU
		{03F5C3A1-268A-4863-8C63-970DC8130FBD}.Release|Any CPU.ActiveCfg = Release|Any CPU
		{03F5C3A1-268A-4863-8C63-970DC8130FBD}.Release|Any CPU.Build.0 = Release|Any CPU
	EndGlobalSection
	GlobalSection(SolutionProperties) = preSolution
		HideSolutionNode = FALSE
	EndGlobalSection
	GlobalSection(ExtensibilityGlobals) = postSolution
		SolutionGuid = {1F469F5E-4B7A-43F4-AB18-2AB4020CD82D}
	EndGlobalSection
EndGlobal
